
Microsoft Visual Studio Solution File, Format Version 12.00
# Visual Studio Version 16
VisualStudioVersion = 16.0.31702.278
MinimumVisualStudioVersion = 10.0.40219.1
Project("{8BC9CEB8-8B4A-11D0-8D11-00A0C91BC942}") = "CPT106", "CPT106\CPT106.vcxproj", "{45610F66-F06A-45EA-B8C4-55FB6E3FDF8B}"
EndProject
Project("{8BC9CEB8-8B4A-11D0-8D11-00A0C91BC942}") = "Lab2", "Project2\Project2.vcxproj", "{976AA835-CBA0-4BBF-A138-375317465D62}"
EndProject
Project("{8BC9CEB8-8B4A-11D0-8D11-00A0C91BC942}") = "Lecture3", "Lecture3\Lecture3.vcxproj", "{ACED540E-34E9-4968-B5B1-E775DBD005E9}"
EndProject
Project("{8BC9CEB8-8B4A-11D0-8D11-00A0C91BC942}") = "Lab3", "Lab3\Lab3.vcxproj", "{4C477D96-FA8D-40E0-89BF-35E3431B774C}"
EndProject
Project("{8BC9CEB8-8B4A-11D0-8D11-00A0C91BC942}") = "Homework4", "Homework4\Homework4.vcxproj", "{13C1E7B6-35F7-41DD-B9E8-306B076ACFEF}"
EndProject
Project("{8BC9CEB8-8B4A-11D0-8D11-00A0C91BC942}") = "Lab4", "Lab4\Lab4.vcxproj", "{985FE780-E516-4BD2-980E-0B6DC6D49C77}"
EndProject
Project("{8BC9CEB8-8B4A-11D0-8D11-00A0C91BC942}") = "Lab5", "Lab5\Lab5.vcxproj", "{09201008-0744-437C-82D0-2A5CAA4E63CA}"
EndProject
Project("{8BC9CEB8-8B4A-11D0-8D11-00A0C91BC942}") = "Lab6", "Lab6\Lab6.vcxproj", "{5B8422A9-021A-403C-860E-6287614FEE0B}"
EndProject
Project("{8BC9CEB8-8B4A-11D0-8D11-00A0C91BC942}") = "Lab8", "Lab8\Lab8.vcxproj", "{30DD2F9D-2474-4FF5-8E6D-A7125D4530B5}"
EndProject
Project("{8BC9CEB8-8B4A-11D0-8D11-00A0C91BC942}") = "Lab9", "Lab9\Lab9.vcxproj", "{177711D7-7154-4B5E-98C2-293EDDFDFDE6}"
EndProject
Project("{8BC9CEB8-8B4A-11D0-8D11-00A0C91BC942}") = "Group Project", "Group Project\Group Project.vcxproj", "{91B8FD7F-99B7-4DEE-A292-4D32367432C8}"
EndProject
Project("{8BC9CEB8-8B4A-11D0-8D11-00A0C91BC942}") = "Group Project 2", "Group Project 2\Group Project 2.vcxproj", "{92DB74C2-823C-406C-A7F9-4972013C7CE3}"
EndProject
Global
	GlobalSection(SolutionConfigurationPlatforms) = preSolution
		Debug|x64 = Debug|x64
		Debug|x86 = Debug|x86
		Release|x64 = Release|x64
		Release|x86 = Release|x86
	EndGlobalSection
	GlobalSection(ProjectConfigurationPlatforms) = postSolution
		{45610F66-F06A-45EA-B8C4-55FB6E3FDF8B}.Debug|x64.ActiveCfg = Debug|x64
		{45610F66-F06A-45EA-B8C4-55FB6E3FDF8B}.Debug|x64.Build.0 = Debug|x64
		{45610F66-F06A-45EA-B8C4-55FB6E3FDF8B}.Debug|x86.ActiveCfg = Debug|Win32
		{45610F66-F06A-45EA-B8C4-55FB6E3FDF8B}.Debug|x86.Build.0 = Debug|Win32
		{45610F66-F06A-45EA-B8C4-55FB6E3FDF8B}.Release|x64.ActiveCfg = Release|x64
		{45610F66-F06A-45EA-B8C4-55FB6E3FDF8B}.Release|x64.Build.0 = Release|x64
		{45610F66-F06A-45EA-B8C4-55FB6E3FDF8B}.Release|x86.ActiveCfg = Release|Win32
		{45610F66-F06A-45EA-B8C4-55FB6E3FDF8B}.Release|x86.Build.0 = Release|Win32
		{976AA835-CBA0-4BBF-A138-375317465D62}.Debug|x64.ActiveCfg = Debug|x64
		{976AA835-CBA0-4BBF-A138-375317465D62}.Debug|x64.Build.0 = Debug|x64
		{976AA835-CBA0-4BBF-A138-375317465D62}.Debug|x86.ActiveCfg = Debug|Win32
		{976AA835-CBA0-4BBF-A138-375317465D62}.Debug|x86.Build.0 = Debug|Win32
		{976AA835-CBA0-4BBF-A138-375317465D62}.Release|x64.ActiveCfg = Release|x64
		{976AA835-CBA0-4BBF-A138-375317465D62}.Release|x64.Build.0 = Release|x64
		{976AA835-CBA0-4BBF-A138-375317465D62}.Release|x86.ActiveCfg = Release|Win32
		{976AA835-CBA0-4BBF-A138-375317465D62}.Release|x86.Build.0 = Release|Win32
		{ACED540E-34E9-4968-B5B1-E775DBD005E9}.Debug|x64.ActiveCfg = Debug|x64
		{ACED540E-34E9-4968-B5B1-E775DBD005E9}.Debug|x64.Build.0 = Debug|x64
		{ACED540E-34E9-4968-B5B1-E775DBD005E9}.Debug|x86.ActiveCfg = Debug|Win32
		{ACED540E-34E9-4968-B5B1-E775DBD005E9}.Debug|x86.Build.0 = Debug|Win32
		{ACED540E-34E9-4968-B5B1-E775DBD005E9}.Release|x64.ActiveCfg = Release|x64
		{ACED540E-34E9-4968-B5B1-E775DBD005E9}.Release|x64.Build.0 = Release|x64
		{ACED540E-34E9-4968-B5B1-E775DBD005E9}.Release|x86.ActiveCfg = Release|Win32
		{ACED540E-34E9-4968-B5B1-E775DBD005E9}.Release|x86.Build.0 = Release|Win32
		{4C477D96-FA8D-40E0-89BF-35E3431B774C}.Debug|x64.ActiveCfg = Debug|x64
		{4C477D96-FA8D-40E0-89BF-35E3431B774C}.Debug|x64.Build.0 = Debug|x64
		{4C477D96-FA8D-40E0-89BF-35E3431B774C}.Debug|x86.ActiveCfg = Debug|Win32
		{4C477D96-FA8D-40E0-89BF-35E3431B774C}.Debug|x86.Build.0 = Debug|Win32
		{4C477D96-FA8D-40E0-89BF-35E3431B774C}.Release|x64.ActiveCfg = Release|x64
		{4C477D96-FA8D-40E0-89BF-35E3431B774C}.Release|x64.Build.0 = Release|x64
		{4C477D96-FA8D-40E0-89BF-35E3431B774C}.Release|x86.ActiveCfg = Release|Win32
		{4C477D96-FA8D-40E0-89BF-35E3431B774C}.Release|x86.Build.0 = Release|Win32
		{13C1E7B6-35F7-41DD-B9E8-306B076ACFEF}.Debug|x64.ActiveCfg = Debug|x64
		{13C1E7B6-35F7-41DD-B9E8-306B076ACFEF}.Debug|x64.Build.0 = Debug|x64
		{13C1E7B6-35F7-41DD-B9E8-306B076ACFEF}.Debug|x86.ActiveCfg = Debug|Win32
		{13C1E7B6-35F7-41DD-B9E8-306B076ACFEF}.Debug|x86.Build.0 = Debug|Win32
		{13C1E7B6-35F7-41DD-B9E8-306B076ACFEF}.Release|x64.ActiveCfg = Release|x64
		{13C1E7B6-35F7-41DD-B9E8-306B076ACFEF}.Release|x64.Build.0 = Release|x64
		{13C1E7B6-35F7-41DD-B9E8-306B076ACFEF}.Release|x86.ActiveCfg = Release|Win32
		{13C1E7B6-35F7-41DD-B9E8-306B076ACFEF}.Release|x86.Build.0 = Release|Win32
		{985FE780-E516-4BD2-980E-0B6DC6D49C77}.Debug|x64.ActiveCfg = Debug|x64
		{985FE780-E516-4BD2-980E-0B6DC6D49C77}.Debug|x64.Build.0 = Debug|x64
		{985FE780-E516-4BD2-980E-0B6DC6D49C77}.Debug|x86.ActiveCfg = Debug|Win32
		{985FE780-E516-4BD2-980E-0B6DC6D49C77}.Debug|x86.Build.0 = Debug|Win32
		{985FE780-E516-4BD2-980E-0B6DC6D49C77}.Release|x64.ActiveCfg = Release|x64
		{985FE780-E516-4BD2-980E-0B6DC6D49C77}.Release|x64.Build.0 = Release|x64
		{985FE780-E516-4BD2-980E-0B6DC6D49C77}.Release|x86.ActiveCfg = Release|Win32
		{985FE780-E516-4BD2-980E-0B6DC6D49C77}.Release|x86.Build.0 = Release|Win32
		{09201008-0744-437C-82D0-2A5CAA4E63CA}.Debug|x64.ActiveCfg = Debug|x64
		{09201008-0744-437C-82D0-2A5CAA4E63CA}.Debug|x64.Build.0 = Debug|x64
		{09201008-0744-437C-82D0-2A5CAA4E63CA}.Debug|x86.ActiveCfg = Debug|Win32
		{09201008-0744-437C-82D0-2A5CAA4E63CA}.Debug|x86.Build.0 = Debug|Win32
		{09201008-0744-437C-82D0-2A5CAA4E63CA}.Release|x64.ActiveCfg = Release|x64
		{09201008-0744-437C-82D0-2A5CAA4E63CA}.Release|x64.Build.0 = Release|x64
		{09201008-0744-437C-82D0-2A5CAA4E63CA}.Release|x86.ActiveCfg = Release|Win32
		{09201008-0744-437C-82D0-2A5CAA4E63CA}.Release|x86.Build.0 = Release|Win32
		{5B8422A9-021A-403C-860E-6287614FEE0B}.Debug|x64.ActiveCfg = Debug|x64
		{5B8422A9-021A-403C-860E-6287614FEE0B}.Debug|x64.Build.0 = Debug|x64
		{5B8422A9-021A-403C-860E-6287614FEE0B}.Debug|x86.ActiveCfg = Debug|Win32
		{5B8422A9-021A-403C-860E-6287614FEE0B}.Debug|x86.Build.0 = Debug|Win32
		{5B8422A9-021A-403C-860E-6287614FEE0B}.Release|x64.ActiveCfg = Release|x64
		{5B8422A9-021A-403C-860E-6287614FEE0B}.Release|x64.Build.0 = Release|x64
		{5B8422A9-021A-403C-860E-6287614FEE0B}.Release|x86.ActiveCfg = Release|Win32
		{5B8422A9-021A-403C-860E-6287614FEE0B}.Release|x86.Build.0 = Release|Win32
		{30DD2F9D-2474-4FF5-8E6D-A7125D4530B5}.Debug|x64.ActiveCfg = Debug|x64
		{30DD2F9D-2474-4FF5-8E6D-A7125D4530B5}.Debug|x64.Build.0 = Debug|x64
		{30DD2F9D-2474-4FF5-8E6D-A7125D4530B5}.Debug|x86.ActiveCfg = Debug|Win32
		{30DD2F9D-2474-4FF5-8E6D-A7125D4530B5}.Debug|x86.Build.0 = Debug|Win32
		{30DD2F9D-2474-4FF5-8E6D-A7125D4530B5}.Release|x64.ActiveCfg = Release|x64
		{30DD2F9D-2474-4FF5-8E6D-A7125D4530B5}.Release|x64.Build.0 = Release|x64
		{30DD2F9D-2474-4FF5-8E6D-A7125D4530B5}.Release|x86.ActiveCfg = Release|Win32
		{30DD2F9D-2474-4FF5-8E6D-A7125D4530B5}.Release|x86.Build.0 = Release|Win32
		{177711D7-7154-4B5E-98C2-293EDDFDFDE6}.Debug|x64.ActiveCfg = Debug|x64
		{177711D7-7154-4B5E-98C2-293EDDFDFDE6}.Debug|x64.Build.0 = Debug|x64
		{177711D7-7154-4B5E-98C2-293EDDFDFDE6}.Debug|x86.ActiveCfg = Debug|Win32
		{177711D7-7154-4B5E-98C2-293EDDFDFDE6}.Debug|x86.Build.0 = Debug|Win32
		{177711D7-7154-4B5E-98C2-293EDDFDFDE6}.Release|x64.ActiveCfg = Release|x64
		{177711D7-7154-4B5E-98C2-293EDDFDFDE6}.Release|x64.Build.0 = Release|x64
		{177711D7-7154-4B5E-98C2-293EDDFDFDE6}.Release|x86.ActiveCfg = Release|Win32
		{177711D7-7154-4B5E-98C2-293EDDFDFDE6}.Release|x86.Build.0 = Release|Win32
		{91B8FD7F-99B7-4DEE-A292-4D32367432C8}.Debug|x64.ActiveCfg = Debug|x64
		{91B8FD7F-99B7-4DEE-A292-4D32367432C8}.Debug|x64.Build.0 = Debug|x64
		{91B8FD7F-99B7-4DEE-A292-4D32367432C8}.Debug|x86.ActiveCfg = Debug|Win32
		{91B8FD7F-99B7-4DEE-A292-4D32367432C8}.Debug|x86.Build.0 = Debug|Win32
		{91B8FD7F-99B7-4DEE-A292-4D32367432C8}.Release|x64.ActiveCfg = Release|x64
		{91B8FD7F-99B7-4DEE-A292-4D32367432C8}.Release|x64.Build.0 = Release|x64
		{91B8FD7F-99B7-4DEE-A292-4D32367432C8}.Release|x86.ActiveCfg = Release|Win32
		{91B8FD7F-99B7-4DEE-A292-4D32367432C8}.Release|x86.Build.0 = Release|Win32
		{92DB74C2-823C-406C-A7F9-4972013C7CE3}.Debug|x64.ActiveCfg = Debug|x64
		{92DB74C2-823C-406C-A7F9-4972013C7CE3}.Debug|x64.Build.0 = Debug|x64
		{92DB74C2-823C-406C-A7F9-4972013C7CE3}.Debug|x86.ActiveCfg = Debug|Win32
		{92DB74C2-823C-406C-A7F9-4972013C7CE3}.Debug|x86.Build.0 = Debug|Win32
		{92DB74C2-823C-406C-A7F9-4972013C7CE3}.Release|x64.ActiveCfg = Release|x64
		{92DB74C2-823C-406C-A7F9-4972013C7CE3}.Release|x64.Build.0 = Release|x64
		{92DB74C2-823C-406C-A7F9-4972013C7CE3}.Release|x86.ActiveCfg = Release|Win32
		{92DB74C2-823C-406C-A7F9-4972013C7CE3}.Release|x86.Build.0 = Release|Win32
	EndGlobalSection
	GlobalSection(SolutionProperties) = preSolution
		HideSolutionNode = FALSE
	EndGlobalSection
	GlobalSection(ExtensibilityGlobals) = postSolution
		SolutionGuid = {AC5FE24C-D3DD-437E-919B-D0D04C7EDF24}
	EndGlobalSection
EndGlobal
